
Microsoft Visual Studio Solution File, Format Version 12.00
Project("{FAE04EC0-301F-11D3-BF4B-00C04F79EFBC}") = "OOP_Aufgaben", "OOP_Aufgaben.csproj", "{3F7B5AA1-4980-4D30-85D7-39E27CD276CF}"
EndProject
Global
	GlobalSection(SolutionConfigurationPlatforms) = preSolution
		Debug|Any CPU = Debug|Any CPU
		Release|Any CPU = Release|Any CPU
	EndGlobalSection
	GlobalSection(ProjectConfigurationPlatforms) = postSolution
		{3F7B5AA1-4980-4D30-85D7-39E27CD276CF}.Debug|Any CPU.ActiveCfg = Debug|Any CPU
		{3F7B5AA1-4980-4D30-85D7-39E27CD276CF}.Debug|Any CPU.Build.0 = Debug|Any CPU
		{3F7B5AA1-4980-4D30-85D7-39E27CD276CF}.Release|Any CPU.ActiveCfg = Release|Any CPU
		{3F7B5AA1-4980-4D30-85D7-39E27CD276CF}.Release|Any CPU.Build.0 = Release|Any CPU
	EndGlobalSection
EndGlobal
