
Microsoft Visual Studio Solution File, Format Version 12.00
Project("{2150E333-8FDC-42A3-9474-1A3956D46DE8}") = "Uebungs_Aufgaben", "Uebungs_Aufgaben", "{55929D52-EBD7-495B-B228-8D3DBD14249D}"
EndProject
Project("{2150E333-8FDC-42A3-9474-1A3956D46DE8}") = "Normale_Aufgaben", "Normale_Aufgaben", "{73082C7C-16A4-4F06-90DB-2ADBD48B578C}"
EndProject
Project("{FAE04EC0-301F-11D3-BF4B-00C04F79EFBC}") = "Cars", "Cars\Cars.csproj", "{3B35C206-8EC3-465B-9491-D12C1EC7A3F6}"
EndProject
Project("{FAE04EC0-301F-11D3-BF4B-00C04F79EFBC}") = "Konto", "Konto\Konto.csproj", "{A388F275-C031-42D5-B799-CD10762FA383}"
EndProject
Project("{FAE04EC0-301F-11D3-BF4B-00C04F79EFBC}") = "Three_Classess", "Three_Classess\Three_Classess.csproj", "{E5852B5B-8AA7-4ECF-A6F6-213B90A33B5C}"
EndProject
Global
	GlobalSection(SolutionConfigurationPlatforms) = preSolution
		Debug|Any CPU = Debug|Any CPU
		Release|Any CPU = Release|Any CPU
	EndGlobalSection
	GlobalSection(ProjectConfigurationPlatforms) = postSolution
		{3B35C206-8EC3-465B-9491-D12C1EC7A3F6}.Debug|Any CPU.ActiveCfg = Debug|Any CPU
		{3B35C206-8EC3-465B-9491-D12C1EC7A3F6}.Debug|Any CPU.Build.0 = Debug|Any CPU
		{3B35C206-8EC3-465B-9491-D12C1EC7A3F6}.Release|Any CPU.ActiveCfg = Release|Any CPU
		{3B35C206-8EC3-465B-9491-D12C1EC7A3F6}.Release|Any CPU.Build.0 = Release|Any CPU
		{A388F275-C031-42D5-B799-CD10762FA383}.Debug|Any CPU.ActiveCfg = Debug|Any CPU
		{A388F275-C031-42D5-B799-CD10762FA383}.Debug|Any CPU.Build.0 = Debug|Any CPU
		{A388F275-C031-42D5-B799-CD10762FA383}.Release|Any CPU.ActiveCfg = Release|Any CPU
		{A388F275-C031-42D5-B799-CD10762FA383}.Release|Any CPU.Build.0 = Release|Any CPU
		{E5852B5B-8AA7-4ECF-A6F6-213B90A33B5C}.Debug|Any CPU.ActiveCfg = Debug|Any CPU
		{E5852B5B-8AA7-4ECF-A6F6-213B90A33B5C}.Debug|Any CPU.Build.0 = Debug|Any CPU
		{E5852B5B-8AA7-4ECF-A6F6-213B90A33B5C}.Release|Any CPU.ActiveCfg = Release|Any CPU
		{E5852B5B-8AA7-4ECF-A6F6-213B90A33B5C}.Release|Any CPU.Build.0 = Release|Any CPU
	EndGlobalSection
	GlobalSection(NestedProjects) = preSolution
		{3B35C206-8EC3-465B-9491-D12C1EC7A3F6} = {55929D52-EBD7-495B-B228-8D3DBD14249D}
		{A388F275-C031-42D5-B799-CD10762FA383} = {55929D52-EBD7-495B-B228-8D3DBD14249D}
		{E5852B5B-8AA7-4ECF-A6F6-213B90A33B5C} = {55929D52-EBD7-495B-B228-8D3DBD14249D}
	EndGlobalSection
EndGlobal
