
Microsoft Visual Studio Solution File, Format Version 12.00
Project("{2150E333-8FDC-42A3-9474-1A3956D46DE8}") = "Uebungs_Aufgaben", "Uebungs_Aufgaben", "{55929D52-EBD7-495B-B228-8D3DBD14249D}"
EndProject
Project("{FAE04EC0-301F-11D3-BF4B-00C04F79EFBC}") = "Cars", "Cars\Cars.csproj", "{3B35C206-8EC3-465B-9491-D12C1EC7A3F6}"
EndProject
Project("{FAE04EC0-301F-11D3-BF4B-00C04F79EFBC}") = "Konto", "Konto\Konto.csproj", "{A388F275-C031-42D5-B799-CD10762FA383}"
EndProject
Project("{FAE04EC0-301F-11D3-BF4B-00C04F79EFBC}") = "Three_Classess", "Three_Classess\Three_Classess.csproj", "{E5852B5B-8AA7-4ECF-A6F6-213B90A33B5C}"
EndProject
Project("{2150E333-8FDC-42A3-9474-1A3956D46DE8}") = "WPF_Aufgaben", "WPF_Aufgaben", "{299B8FFD-DA03-4491-8F53-97FDE2C5491D}"
EndProject
Project("{FAE04EC0-301F-11D3-BF4B-00C04F79EFBC}") = "Rechteck", "Rechteck\Rechteck.csproj", "{8D651000-F9FF-4E76-9082-41E2D7AF2341}"
EndProject
Project("{FAE04EC0-301F-11D3-BF4B-00C04F79EFBC}") = "Würfel", "Würfel\Würfel.csproj", "{128D487B-C365-4602-8737-C0259F84E9A1}"
EndProject
Project("{FAE04EC0-301F-11D3-BF4B-00C04F79EFBC}") = "Reisedauer zum Mond", "Reisedauer zum Mond\Reisedauer zum Mond.csproj", "{EB9BF927-F722-4813-A864-3B3DB6B47792}"
EndProject
Project("{FAE04EC0-301F-11D3-BF4B-00C04F79EFBC}") = "Tannebbaum", "Tannebbaum\Tannebbaum.csproj", "{687E419C-EFB0-4A12-923E-46B371FFBF4F}"
EndProject
Project("{FAE04EC0-301F-11D3-BF4B-00C04F79EFBC}") = "Auto_Simulator", "Auto_Simulator\Auto_Simulator.csproj", "{3296B8D6-1928-4B6E-92A8-35821ED39A55}"
EndProject
Project("{2150E333-8FDC-42A3-9474-1A3956D46DE8}") = "Touge Drifting", "Touge Drifting", "{25A1B0C1-77FB-46E8-8BBB-EDA02F609EE3}"
EndProject
Project("{FAE04EC0-301F-11D3-BF4B-00C04F79EFBC}") = "touge_drifting", "touge_drifting\touge_drifting.csproj", "{1AE8CF4C-C2C3-4CE7-B31D-F56E3F246FFB}"
EndProject
Global
	GlobalSection(SolutionConfigurationPlatforms) = preSolution
		Debug|Any CPU = Debug|Any CPU
		Release|Any CPU = Release|Any CPU
	EndGlobalSection
	GlobalSection(ProjectConfigurationPlatforms) = postSolution
		{3B35C206-8EC3-465B-9491-D12C1EC7A3F6}.Debug|Any CPU.ActiveCfg = Debug|Any CPU
		{3B35C206-8EC3-465B-9491-D12C1EC7A3F6}.Debug|Any CPU.Build.0 = Debug|Any CPU
		{3B35C206-8EC3-465B-9491-D12C1EC7A3F6}.Release|Any CPU.ActiveCfg = Release|Any CPU
		{3B35C206-8EC3-465B-9491-D12C1EC7A3F6}.Release|Any CPU.Build.0 = Release|Any CPU
		{A388F275-C031-42D5-B799-CD10762FA383}.Debug|Any CPU.ActiveCfg = Debug|Any CPU
		{A388F275-C031-42D5-B799-CD10762FA383}.Debug|Any CPU.Build.0 = Debug|Any CPU
		{A388F275-C031-42D5-B799-CD10762FA383}.Release|Any CPU.ActiveCfg = Release|Any CPU
		{A388F275-C031-42D5-B799-CD10762FA383}.Release|Any CPU.Build.0 = Release|Any CPU
		{E5852B5B-8AA7-4ECF-A6F6-213B90A33B5C}.Debug|Any CPU.ActiveCfg = Debug|Any CPU
		{E5852B5B-8AA7-4ECF-A6F6-213B90A33B5C}.Debug|Any CPU.Build.0 = Debug|Any CPU
		{E5852B5B-8AA7-4ECF-A6F6-213B90A33B5C}.Release|Any CPU.ActiveCfg = Release|Any CPU
		{E5852B5B-8AA7-4ECF-A6F6-213B90A33B5C}.Release|Any CPU.Build.0 = Release|Any CPU
		{8D651000-F9FF-4E76-9082-41E2D7AF2341}.Debug|Any CPU.ActiveCfg = Debug|Any CPU
		{8D651000-F9FF-4E76-9082-41E2D7AF2341}.Debug|Any CPU.Build.0 = Debug|Any CPU
		{8D651000-F9FF-4E76-9082-41E2D7AF2341}.Release|Any CPU.ActiveCfg = Release|Any CPU
		{8D651000-F9FF-4E76-9082-41E2D7AF2341}.Release|Any CPU.Build.0 = Release|Any CPU
		{128D487B-C365-4602-8737-C0259F84E9A1}.Debug|Any CPU.ActiveCfg = Debug|Any CPU
		{128D487B-C365-4602-8737-C0259F84E9A1}.Debug|Any CPU.Build.0 = Debug|Any CPU
		{128D487B-C365-4602-8737-C0259F84E9A1}.Release|Any CPU.ActiveCfg = Release|Any CPU
		{128D487B-C365-4602-8737-C0259F84E9A1}.Release|Any CPU.Build.0 = Release|Any CPU
		{EB9BF927-F722-4813-A864-3B3DB6B47792}.Debug|Any CPU.ActiveCfg = Debug|Any CPU
		{EB9BF927-F722-4813-A864-3B3DB6B47792}.Debug|Any CPU.Build.0 = Debug|Any CPU
		{EB9BF927-F722-4813-A864-3B3DB6B47792}.Release|Any CPU.ActiveCfg = Release|Any CPU
		{EB9BF927-F722-4813-A864-3B3DB6B47792}.Release|Any CPU.Build.0 = Release|Any CPU
		{687E419C-EFB0-4A12-923E-46B371FFBF4F}.Debug|Any CPU.ActiveCfg = Debug|Any CPU
		{687E419C-EFB0-4A12-923E-46B371FFBF4F}.Debug|Any CPU.Build.0 = Debug|Any CPU
		{687E419C-EFB0-4A12-923E-46B371FFBF4F}.Release|Any CPU.ActiveCfg = Release|Any CPU
		{687E419C-EFB0-4A12-923E-46B371FFBF4F}.Release|Any CPU.Build.0 = Release|Any CPU
		{3296B8D6-1928-4B6E-92A8-35821ED39A55}.Debug|Any CPU.ActiveCfg = Debug|Any CPU
		{3296B8D6-1928-4B6E-92A8-35821ED39A55}.Debug|Any CPU.Build.0 = Debug|Any CPU
		{3296B8D6-1928-4B6E-92A8-35821ED39A55}.Release|Any CPU.ActiveCfg = Release|Any CPU
		{3296B8D6-1928-4B6E-92A8-35821ED39A55}.Release|Any CPU.Build.0 = Release|Any CPU
		{1AE8CF4C-C2C3-4CE7-B31D-F56E3F246FFB}.Debug|Any CPU.ActiveCfg = Debug|Any CPU
		{1AE8CF4C-C2C3-4CE7-B31D-F56E3F246FFB}.Debug|Any CPU.Build.0 = Debug|Any CPU
		{1AE8CF4C-C2C3-4CE7-B31D-F56E3F246FFB}.Release|Any CPU.ActiveCfg = Release|Any CPU
		{1AE8CF4C-C2C3-4CE7-B31D-F56E3F246FFB}.Release|Any CPU.Build.0 = Release|Any CPU
	EndGlobalSection
	GlobalSection(NestedProjects) = preSolution
		{3B35C206-8EC3-465B-9491-D12C1EC7A3F6} = {55929D52-EBD7-495B-B228-8D3DBD14249D}
		{A388F275-C031-42D5-B799-CD10762FA383} = {55929D52-EBD7-495B-B228-8D3DBD14249D}
		{E5852B5B-8AA7-4ECF-A6F6-213B90A33B5C} = {55929D52-EBD7-495B-B228-8D3DBD14249D}
		{8D651000-F9FF-4E76-9082-41E2D7AF2341} = {299B8FFD-DA03-4491-8F53-97FDE2C5491D}
		{128D487B-C365-4602-8737-C0259F84E9A1} = {299B8FFD-DA03-4491-8F53-97FDE2C5491D}
		{EB9BF927-F722-4813-A864-3B3DB6B47792} = {299B8FFD-DA03-4491-8F53-97FDE2C5491D}
		{687E419C-EFB0-4A12-923E-46B371FFBF4F} = {299B8FFD-DA03-4491-8F53-97FDE2C5491D}
		{3296B8D6-1928-4B6E-92A8-35821ED39A55} = {299B8FFD-DA03-4491-8F53-97FDE2C5491D}
		{1AE8CF4C-C2C3-4CE7-B31D-F56E3F246FFB} = {25A1B0C1-77FB-46E8-8BBB-EDA02F609EE3}
	EndGlobalSection
EndGlobal
